
Microsoft Visual Studio Solution File, Format Version 12.00
# Visual Studio Version 16
VisualStudioVersion = 16.0.28922.388
MinimumVisualStudioVersion = 10.0.40219.1
Project("{FAE04EC0-301F-11D3-BF4B-00C04F79EFBC}") = "Sunny.ShopCNM", "Sunny.ShopCNM\Sunny.ShopCNM.csproj", "{BE6FD1FD-5671-429A-B489-0418AA4647FD}"
EndProject
Project("{FAE04EC0-301F-11D3-BF4B-00C04F79EFBC}") = "Sunny.ShopCNM.Model", "Sunny.ShopCNM.Model\Sunny.ShopCNM.Model.csproj", "{15E25385-DC18-4442-AA7E-8BCD793603E4}"
EndProject
Project("{FAE04EC0-301F-11D3-BF4B-00C04F79EFBC}") = "Sunny.ShopCNM.UITest", "Sunny.ShopCNM.UITest\Sunny.ShopCNM.UITest.csproj", "{C3022377-2DEB-404B-918E-40179BA33002}"
EndProject
Project("{FAE04EC0-301F-11D3-BF4B-00C04F79EFBC}") = "Sunny.ShopCNM.UITest2", "Sunny.ShopCNM.UITest2\Sunny.ShopCNM.UITest2.csproj", "{3FA13DC2-D62B-423C-BA2E-612BCD62B35E}"
EndProject
Project("{FAE04EC0-301F-11D3-BF4B-00C04F79EFBC}") = "Sunny.ShopCNM.Common", "Sunny.ShopCNM.Common\Sunny.ShopCNM.Common.csproj", "{D4E9C004-6EC1-454A-B981-236874FBE323}"
EndProject
Project("{FAE04EC0-301F-11D3-BF4B-00C04F79EFBC}") = "Sunny.ShopCNM.CommonTests", "Sunny.ShopCNM.CommonTests\Sunny.ShopCNM.CommonTests.csproj", "{DC2DBB40-3478-4E64-8E66-C56599CB528E}"
EndProject
Project("{2150E333-8FDC-42A3-9474-1A3956D46DE8}") = "三层", "三层", "{83631786-494F-4759-9CE8-47DCC1B2A990}"
EndProject
Project("{2150E333-8FDC-42A3-9474-1A3956D46DE8}") = "BLL", "BLL", "{4B2CA098-B000-4201-8C60-826A905ADEAB}"
EndProject
Project("{2150E333-8FDC-42A3-9474-1A3956D46DE8}") = "Common", "Common", "{AA66BC96-3A86-4488-8FD9-9C016576B176}"
EndProject
Project("{2150E333-8FDC-42A3-9474-1A3956D46DE8}") = "DAL", "DAL", "{96FC1CD0-3556-4869-8B5D-621035F22092}"
EndProject
Project("{2150E333-8FDC-42A3-9474-1A3956D46DE8}") = "Model", "Model", "{19BD33D6-2F8E-4517-BFCB-1811F9A57F8A}"
EndProject
Project("{2150E333-8FDC-42A3-9474-1A3956D46DE8}") = "UI", "UI", "{CFB5758B-5BBF-4362-A8BD-FB4B46DF8831}"
EndProject
Project("{2150E333-8FDC-42A3-9474-1A3956D46DE8}") = "Test", "Test", "{A59A0C63-9F33-4621-9DEC-18B7A8DF4AA3}"
EndProject
Project("{FAE04EC0-301F-11D3-BF4B-00C04F79EFBC}") = "Sunny.Mvc.ShopCNM.Model", "Sunny.Mvc.ShopCNM.Model\Sunny.Mvc.ShopCNM.Model.csproj", "{9341B231-B3AB-4E8A-8AD2-6C35C523D8C9}"
EndProject
Project("{FAE04EC0-301F-11D3-BF4B-00C04F79EFBC}") = "Sunny.Mvc.ShopCNM.IDAL", "Sunny.Mvc.ShopCNM.IDAL\Sunny.Mvc.ShopCNM.IDAL.csproj", "{06964B83-CABA-44C6-AFC8-A4F088F2CACC}"
EndProject
Project("{FAE04EC0-301F-11D3-BF4B-00C04F79EFBC}") = "Sunny.Mvc.ShopCNM.BLL", "Sunny.Mvc.ShopCNM.BLL\Sunny.Mvc.ShopCNM.BLL.csproj", "{696B7518-5CC3-4D7F-9362-2418E8564327}"
EndProject
Project("{FAE04EC0-301F-11D3-BF4B-00C04F79EFBC}") = "Sunny.Mvc.ShopCNM.EFDAL", "Sunny.Mvc.ShopCNM.EFDAL\Sunny.Mvc.ShopCNM.EFDAL.csproj", "{3DEF5EB5-CF43-4ED4-ACB5-474194AB8EF5}"
EndProject
Project("{FAE04EC0-301F-11D3-BF4B-00C04F79EFBC}") = "Sunny.Mvc.ShopCNM.DalFactory", "Sunny.Mvc.ShopCNM.DalFactory\Sunny.Mvc.ShopCNM.DalFactory.csproj", "{12F86FAD-D76C-4FF8-983E-350B6DD29A2C}"
EndProject
Project("{FAE04EC0-301F-11D3-BF4B-00C04F79EFBC}") = "Sunny.Mvc.ShopCNM.IBLL", "Sunny.Mvc.ShopCNM.IBLL\Sunny.Mvc.ShopCNM.IBLL.csproj", "{095D4695-FADD-4DF4-AD87-CC72EFD6E103}"
EndProject
Project("{FAE04EC0-301F-11D3-BF4B-00C04F79EFBC}") = "Sunny.Mvc.ShopCNM.UI", "Sunny.Mvc.ShopCNM.UI\Sunny.Mvc.ShopCNM.UI.csproj", "{9EF0EB7E-203D-43F3-8415-1D42B9E36C3E}"
EndProject
Project("{FAE04EC0-301F-11D3-BF4B-00C04F79EFBC}") = "Sunny.Mvc.ShopCNM.Common", "Sunny.Mvc.ShopCNM.Common\Sunny.Mvc.ShopCNM.Common.csproj", "{5D763C07-B4B2-4E60-9FFF-F7A84D7F3E13}"
EndProject
Global
	GlobalSection(SolutionConfigurationPlatforms) = preSolution
		Debug|Any CPU = Debug|Any CPU
		Release|Any CPU = Release|Any CPU
	EndGlobalSection
	GlobalSection(ProjectConfigurationPlatforms) = postSolution
		{BE6FD1FD-5671-429A-B489-0418AA4647FD}.Debug|Any CPU.ActiveCfg = Debug|Any CPU
		{BE6FD1FD-5671-429A-B489-0418AA4647FD}.Debug|Any CPU.Build.0 = Debug|Any CPU
		{BE6FD1FD-5671-429A-B489-0418AA4647FD}.Release|Any CPU.ActiveCfg = Release|Any CPU
		{BE6FD1FD-5671-429A-B489-0418AA4647FD}.Release|Any CPU.Build.0 = Release|Any CPU
		{15E25385-DC18-4442-AA7E-8BCD793603E4}.Debug|Any CPU.ActiveCfg = Debug|Any CPU
		{15E25385-DC18-4442-AA7E-8BCD793603E4}.Debug|Any CPU.Build.0 = Debug|Any CPU
		{15E25385-DC18-4442-AA7E-8BCD793603E4}.Release|Any CPU.ActiveCfg = Release|Any CPU
		{15E25385-DC18-4442-AA7E-8BCD793603E4}.Release|Any CPU.Build.0 = Release|Any CPU
		{C3022377-2DEB-404B-918E-40179BA33002}.Debug|Any CPU.ActiveCfg = Debug|Any CPU
		{C3022377-2DEB-404B-918E-40179BA33002}.Debug|Any CPU.Build.0 = Debug|Any CPU
		{C3022377-2DEB-404B-918E-40179BA33002}.Release|Any CPU.ActiveCfg = Release|Any CPU
		{C3022377-2DEB-404B-918E-40179BA33002}.Release|Any CPU.Build.0 = Release|Any CPU
		{3FA13DC2-D62B-423C-BA2E-612BCD62B35E}.Debug|Any CPU.ActiveCfg = Debug|Any CPU
		{3FA13DC2-D62B-423C-BA2E-612BCD62B35E}.Debug|Any CPU.Build.0 = Debug|Any CPU
		{3FA13DC2-D62B-423C-BA2E-612BCD62B35E}.Release|Any CPU.ActiveCfg = Release|Any CPU
		{3FA13DC2-D62B-423C-BA2E-612BCD62B35E}.Release|Any CPU.Build.0 = Release|Any CPU
		{D4E9C004-6EC1-454A-B981-236874FBE323}.Debug|Any CPU.ActiveCfg = Debug|Any CPU
		{D4E9C004-6EC1-454A-B981-236874FBE323}.Debug|Any CPU.Build.0 = Debug|Any CPU
		{D4E9C004-6EC1-454A-B981-236874FBE323}.Release|Any CPU.ActiveCfg = Release|Any CPU
		{D4E9C004-6EC1-454A-B981-236874FBE323}.Release|Any CPU.Build.0 = Release|Any CPU
		{DC2DBB40-3478-4E64-8E66-C56599CB528E}.Debug|Any CPU.ActiveCfg = Debug|Any CPU
		{DC2DBB40-3478-4E64-8E66-C56599CB528E}.Debug|Any CPU.Build.0 = Debug|Any CPU
		{DC2DBB40-3478-4E64-8E66-C56599CB528E}.Release|Any CPU.ActiveCfg = Release|Any CPU
		{DC2DBB40-3478-4E64-8E66-C56599CB528E}.Release|Any CPU.Build.0 = Release|Any CPU
		{9341B231-B3AB-4E8A-8AD2-6C35C523D8C9}.Debug|Any CPU.ActiveCfg = Debug|Any CPU
		{9341B231-B3AB-4E8A-8AD2-6C35C523D8C9}.Debug|Any CPU.Build.0 = Debug|Any CPU
		{9341B231-B3AB-4E8A-8AD2-6C35C523D8C9}.Release|Any CPU.ActiveCfg = Release|Any CPU
		{9341B231-B3AB-4E8A-8AD2-6C35C523D8C9}.Release|Any CPU.Build.0 = Release|Any CPU
		{06964B83-CABA-44C6-AFC8-A4F088F2CACC}.Debug|Any CPU.ActiveCfg = Debug|Any CPU
		{06964B83-CABA-44C6-AFC8-A4F088F2CACC}.Debug|Any CPU.Build.0 = Debug|Any CPU
		{06964B83-CABA-44C6-AFC8-A4F088F2CACC}.Release|Any CPU.ActiveCfg = Release|Any CPU
		{06964B83-CABA-44C6-AFC8-A4F088F2CACC}.Release|Any CPU.Build.0 = Release|Any CPU
		{696B7518-5CC3-4D7F-9362-2418E8564327}.Debug|Any CPU.ActiveCfg = Debug|Any CPU
		{696B7518-5CC3-4D7F-9362-2418E8564327}.Debug|Any CPU.Build.0 = Debug|Any CPU
		{696B7518-5CC3-4D7F-9362-2418E8564327}.Release|Any CPU.ActiveCfg = Release|Any CPU
		{696B7518-5CC3-4D7F-9362-2418E8564327}.Release|Any CPU.Build.0 = Release|Any CPU
		{3DEF5EB5-CF43-4ED4-ACB5-474194AB8EF5}.Debug|Any CPU.ActiveCfg = Debug|Any CPU
		{3DEF5EB5-CF43-4ED4-ACB5-474194AB8EF5}.Debug|Any CPU.Build.0 = Debug|Any CPU
		{3DEF5EB5-CF43-4ED4-ACB5-474194AB8EF5}.Release|Any CPU.ActiveCfg = Release|Any CPU
		{3DEF5EB5-CF43-4ED4-ACB5-474194AB8EF5}.Release|Any CPU.Build.0 = Release|Any CPU
		{12F86FAD-D76C-4FF8-983E-350B6DD29A2C}.Debug|Any CPU.ActiveCfg = Debug|Any CPU
		{12F86FAD-D76C-4FF8-983E-350B6DD29A2C}.Debug|Any CPU.Build.0 = Debug|Any CPU
		{12F86FAD-D76C-4FF8-983E-350B6DD29A2C}.Release|Any CPU.ActiveCfg = Release|Any CPU
		{12F86FAD-D76C-4FF8-983E-350B6DD29A2C}.Release|Any CPU.Build.0 = Release|Any CPU
		{095D4695-FADD-4DF4-AD87-CC72EFD6E103}.Debug|Any CPU.ActiveCfg = Debug|Any CPU
		{095D4695-FADD-4DF4-AD87-CC72EFD6E103}.Debug|Any CPU.Build.0 = Debug|Any CPU
		{095D4695-FADD-4DF4-AD87-CC72EFD6E103}.Release|Any CPU.ActiveCfg = Release|Any CPU
		{095D4695-FADD-4DF4-AD87-CC72EFD6E103}.Release|Any CPU.Build.0 = Release|Any CPU
		{9EF0EB7E-203D-43F3-8415-1D42B9E36C3E}.Debug|Any CPU.ActiveCfg = Debug|Any CPU
		{9EF0EB7E-203D-43F3-8415-1D42B9E36C3E}.Debug|Any CPU.Build.0 = Debug|Any CPU
		{9EF0EB7E-203D-43F3-8415-1D42B9E36C3E}.Release|Any CPU.ActiveCfg = Release|Any CPU
		{9EF0EB7E-203D-43F3-8415-1D42B9E36C3E}.Release|Any CPU.Build.0 = Release|Any CPU
		{5D763C07-B4B2-4E60-9FFF-F7A84D7F3E13}.Debug|Any CPU.ActiveCfg = Debug|Any CPU
		{5D763C07-B4B2-4E60-9FFF-F7A84D7F3E13}.Debug|Any CPU.Build.0 = Debug|Any CPU
		{5D763C07-B4B2-4E60-9FFF-F7A84D7F3E13}.Release|Any CPU.ActiveCfg = Release|Any CPU
		{5D763C07-B4B2-4E60-9FFF-F7A84D7F3E13}.Release|Any CPU.Build.0 = Release|Any CPU
	EndGlobalSection
	GlobalSection(SolutionProperties) = preSolution
		HideSolutionNode = FALSE
	EndGlobalSection
	GlobalSection(NestedProjects) = preSolution
		{4B2CA098-B000-4201-8C60-826A905ADEAB} = {83631786-494F-4759-9CE8-47DCC1B2A990}
		{AA66BC96-3A86-4488-8FD9-9C016576B176} = {83631786-494F-4759-9CE8-47DCC1B2A990}
		{96FC1CD0-3556-4869-8B5D-621035F22092} = {83631786-494F-4759-9CE8-47DCC1B2A990}
		{19BD33D6-2F8E-4517-BFCB-1811F9A57F8A} = {83631786-494F-4759-9CE8-47DCC1B2A990}
		{CFB5758B-5BBF-4362-A8BD-FB4B46DF8831} = {83631786-494F-4759-9CE8-47DCC1B2A990}
		{A59A0C63-9F33-4621-9DEC-18B7A8DF4AA3} = {83631786-494F-4759-9CE8-47DCC1B2A990}
		{9341B231-B3AB-4E8A-8AD2-6C35C523D8C9} = {19BD33D6-2F8E-4517-BFCB-1811F9A57F8A}
		{06964B83-CABA-44C6-AFC8-A4F088F2CACC} = {96FC1CD0-3556-4869-8B5D-621035F22092}
		{696B7518-5CC3-4D7F-9362-2418E8564327} = {4B2CA098-B000-4201-8C60-826A905ADEAB}
		{3DEF5EB5-CF43-4ED4-ACB5-474194AB8EF5} = {96FC1CD0-3556-4869-8B5D-621035F22092}
		{12F86FAD-D76C-4FF8-983E-350B6DD29A2C} = {96FC1CD0-3556-4869-8B5D-621035F22092}
		{095D4695-FADD-4DF4-AD87-CC72EFD6E103} = {4B2CA098-B000-4201-8C60-826A905ADEAB}
		{9EF0EB7E-203D-43F3-8415-1D42B9E36C3E} = {CFB5758B-5BBF-4362-A8BD-FB4B46DF8831}
		{5D763C07-B4B2-4E60-9FFF-F7A84D7F3E13} = {AA66BC96-3A86-4488-8FD9-9C016576B176}
	EndGlobalSection
	GlobalSection(ExtensibilityGlobals) = postSolution
		SolutionGuid = {6E14BE64-8D96-46F6-B92C-9D24970E181E}
	EndGlobalSection
EndGlobal
